
Microsoft Visual Studio Solution File, Format Version 12.00
# Visual Studio Version 16
VisualStudioVersion = 16.0.30907.101
MinimumVisualStudioVersion = 10.0.40219.1
Project("{2150E333-8FDC-42A3-9474-1A3956D46DE8}") = "PublicAccount", "PublicAccount", "{8F81A401-76DB-4F52-A8E1-CEEE6D45DA2A}"
EndProject
Project("{9A19103F-16F7-4668-BE54-9A1E7A4F7556}") = "Magicodes.Wx.PublicAccount.Sdk", "src\Magicodes.Wx.PublicAccount.Sdk\Magicodes.Wx.PublicAccount.Sdk.csproj", "{6C26FC2C-E1A2-4FC4-BE0C-362F4752638C}"
EndProject
Project("{2150E333-8FDC-42A3-9474-1A3956D46DE8}") = "0.Public", "0.Public", "{A2B356C4-A7ED-4C3A-9DA2-7505AFC527D9}"
	ProjectSection(SolutionItems) = preProject
		azure-pipelines.yml = azure-pipelines.yml
		common.props = common.props
		LICENSE = LICENSE
		README.md = README.md
	EndProjectSection
EndProject
Project("{9A19103F-16F7-4668-BE54-9A1E7A4F7556}") = "Magicodes.Wx.PublicAccount.Sdk.AspNet", "src\Magicodes.Wx.PublicAccount.Sdk.AspNet\Magicodes.Wx.PublicAccount.Sdk.AspNet.csproj", "{9D11A1F9-3BB4-46FE-A4FF-17FACF505119}"
EndProject
Project("{2150E333-8FDC-42A3-9474-1A3956D46DE8}") = "Tests", "Tests", "{21B20DAF-56D3-414B-91FE-DD0D176A5277}"
EndProject
Project("{9A19103F-16F7-4668-BE54-9A1E7A4F7556}") = "Magicodes.Wx.PublicAccount.Sdk.Test", "tests\Magicodes.Wx.PublicAccount.Sdk.Test\Magicodes.Wx.PublicAccount.Sdk.Test.csproj", "{F6098294-2CAC-4320-8AA4-4FA95079BD3F}"
EndProject
Project("{9A19103F-16F7-4668-BE54-9A1E7A4F7556}") = "Magicodes.Wx.PublicAccount.Sdk.Abp", "src\Magicodes.Wx.PublicAccount.Sdk.Abp\Magicodes.Wx.PublicAccount.Sdk.Abp.csproj", "{28701632-7434-4CC2-89AB-4C6D1F631776}"
EndProject
Project("{9A19103F-16F7-4668-BE54-9A1E7A4F7556}") = "Magicodes.Wx.PublicAccount.Sdk.AspNet.Test", "tests\Magicodes.Wx.PublicAccount.Sdk.AspNet.Test\Magicodes.Wx.PublicAccount.Sdk.AspNet.Test.csproj", "{3A8362C4-9E10-403B-A67A-3322B15CEE08}"
EndProject
Project("{2150E333-8FDC-42A3-9474-1A3956D46DE8}") = "1.Core", "1.Core", "{F02630E1-C00F-405D-AA04-AA6A692315BE}"
EndProject
Project("{FAE04EC0-301F-11D3-BF4B-00C04F79EFBC}") = "Magicodes.Wx.Sdk.Core", "src\Magicodes.Wx.Sdk.Core\Magicodes.Wx.Sdk.Core.csproj", "{B673D4D8-CBD3-459A-A28E-CBCC66C090FB}"
EndProject
Project("{2150E333-8FDC-42A3-9474-1A3956D46DE8}") = "EnterpriseWeChat", "EnterpriseWeChat", "{5CAA87A9-B3D1-4322-8F38-586676389E7A}"
EndProject
Project("{FAE04EC0-301F-11D3-BF4B-00C04F79EFBC}") = "Magicodes.Wx.Enterprise.Sdk", "src\Magicodes.Wx.Enterprise.Sdk\Magicodes.Wx.Enterprise.Sdk.csproj", "{0D37EFC3-C9DD-411E-887B-0DBA62CCF90D}"
EndProject
Global
	GlobalSection(SolutionConfigurationPlatforms) = preSolution
		Debug|Any CPU = Debug|Any CPU
		Release|Any CPU = Release|Any CPU
	EndGlobalSection
	GlobalSection(ProjectConfigurationPlatforms) = postSolution
		{6C26FC2C-E1A2-4FC4-BE0C-362F4752638C}.Debug|Any CPU.ActiveCfg = Debug|Any CPU
		{6C26FC2C-E1A2-4FC4-BE0C-362F4752638C}.Debug|Any CPU.Build.0 = Debug|Any CPU
		{6C26FC2C-E1A2-4FC4-BE0C-362F4752638C}.Release|Any CPU.ActiveCfg = Release|Any CPU
		{6C26FC2C-E1A2-4FC4-BE0C-362F4752638C}.Release|Any CPU.Build.0 = Release|Any CPU
		{9D11A1F9-3BB4-46FE-A4FF-17FACF505119}.Debug|Any CPU.ActiveCfg = Debug|Any CPU
		{9D11A1F9-3BB4-46FE-A4FF-17FACF505119}.Debug|Any CPU.Build.0 = Debug|Any CPU
		{9D11A1F9-3BB4-46FE-A4FF-17FACF505119}.Release|Any CPU.ActiveCfg = Release|Any CPU
		{9D11A1F9-3BB4-46FE-A4FF-17FACF505119}.Release|Any CPU.Build.0 = Release|Any CPU
		{F6098294-2CAC-4320-8AA4-4FA95079BD3F}.Debug|Any CPU.ActiveCfg = Debug|Any CPU
		{F6098294-2CAC-4320-8AA4-4FA95079BD3F}.Debug|Any CPU.Build.0 = Debug|Any CPU
		{F6098294-2CAC-4320-8AA4-4FA95079BD3F}.Release|Any CPU.ActiveCfg = Release|Any CPU
		{F6098294-2CAC-4320-8AA4-4FA95079BD3F}.Release|Any CPU.Build.0 = Release|Any CPU
		{28701632-7434-4CC2-89AB-4C6D1F631776}.Debug|Any CPU.ActiveCfg = Debug|Any CPU
		{28701632-7434-4CC2-89AB-4C6D1F631776}.Debug|Any CPU.Build.0 = Debug|Any CPU
		{28701632-7434-4CC2-89AB-4C6D1F631776}.Release|Any CPU.ActiveCfg = Release|Any CPU
		{28701632-7434-4CC2-89AB-4C6D1F631776}.Release|Any CPU.Build.0 = Release|Any CPU
		{3A8362C4-9E10-403B-A67A-3322B15CEE08}.Debug|Any CPU.ActiveCfg = Debug|Any CPU
		{3A8362C4-9E10-403B-A67A-3322B15CEE08}.Debug|Any CPU.Build.0 = Debug|Any CPU
		{3A8362C4-9E10-403B-A67A-3322B15CEE08}.Release|Any CPU.ActiveCfg = Release|Any CPU
		{3A8362C4-9E10-403B-A67A-3322B15CEE08}.Release|Any CPU.Build.0 = Release|Any CPU
		{B673D4D8-CBD3-459A-A28E-CBCC66C090FB}.Debug|Any CPU.ActiveCfg = Debug|Any CPU
		{B673D4D8-CBD3-459A-A28E-CBCC66C090FB}.Debug|Any CPU.Build.0 = Debug|Any CPU
		{B673D4D8-CBD3-459A-A28E-CBCC66C090FB}.Release|Any CPU.ActiveCfg = Release|Any CPU
		{B673D4D8-CBD3-459A-A28E-CBCC66C090FB}.Release|Any CPU.Build.0 = Release|Any CPU
		{0D37EFC3-C9DD-411E-887B-0DBA62CCF90D}.Debug|Any CPU.ActiveCfg = Debug|Any CPU
		{0D37EFC3-C9DD-411E-887B-0DBA62CCF90D}.Debug|Any CPU.Build.0 = Debug|Any CPU
		{0D37EFC3-C9DD-411E-887B-0DBA62CCF90D}.Release|Any CPU.ActiveCfg = Release|Any CPU
		{0D37EFC3-C9DD-411E-887B-0DBA62CCF90D}.Release|Any CPU.Build.0 = Release|Any CPU
	EndGlobalSection
	GlobalSection(SolutionProperties) = preSolution
		HideSolutionNode = FALSE
	EndGlobalSection
	GlobalSection(NestedProjects) = preSolution
		{6C26FC2C-E1A2-4FC4-BE0C-362F4752638C} = {8F81A401-76DB-4F52-A8E1-CEEE6D45DA2A}
		{9D11A1F9-3BB4-46FE-A4FF-17FACF505119} = {8F81A401-76DB-4F52-A8E1-CEEE6D45DA2A}
		{F6098294-2CAC-4320-8AA4-4FA95079BD3F} = {21B20DAF-56D3-414B-91FE-DD0D176A5277}
		{28701632-7434-4CC2-89AB-4C6D1F631776} = {8F81A401-76DB-4F52-A8E1-CEEE6D45DA2A}
		{3A8362C4-9E10-403B-A67A-3322B15CEE08} = {21B20DAF-56D3-414B-91FE-DD0D176A5277}
		{B673D4D8-CBD3-459A-A28E-CBCC66C090FB} = {F02630E1-C00F-405D-AA04-AA6A692315BE}
		{0D37EFC3-C9DD-411E-887B-0DBA62CCF90D} = {5CAA87A9-B3D1-4322-8F38-586676389E7A}
	EndGlobalSection
	GlobalSection(ExtensibilityGlobals) = postSolution
		SolutionGuid = {EC173392-7AB2-4DB8-8FAF-D9ED2201A2B3}
	EndGlobalSection
EndGlobal
